
Microsoft Visual Studio Solution File, Format Version 12.00
# Visual Studio Version 17
VisualStudioVersion = 17.13.35825.156 d17.13
MinimumVisualStudioVersion = 10.0.40219.1
Project("{FAE04EC0-301F-11D3-BF4B-00C04F79EFBC}") = "lab4", "lab4\lab4.csproj", "{B0D18C5D-EE2A-4F1D-88B6-F4B925DF409D}"
EndProject
Global
	GlobalSection(SolutionConfigurationPlatforms) = preSolution
		Debug|Any CPU = Debug|Any CPU
		Release|Any CPU = Release|Any CPU
	EndGlobalSection
	GlobalSection(ProjectConfigurationPlatforms) = postSolution
		{B0D18C5D-EE2A-4F1D-88B6-F4B925DF409D}.Debug|Any CPU.ActiveCfg = Debug|Any CPU
		{B0D18C5D-EE2A-4F1D-88B6-F4B925DF409D}.Debug|Any CPU.Build.0 = Debug|Any CPU
		{B0D18C5D-EE2A-4F1D-88B6-F4B925DF409D}.Release|Any CPU.ActiveCfg = Release|Any CPU
		{B0D18C5D-EE2A-4F1D-88B6-F4B925DF409D}.Release|Any CPU.Build.0 = Release|Any CPU
	EndGlobalSection
	GlobalSection(SolutionProperties) = preSolution
		HideSolutionNode = FALSE
	EndGlobalSection
	GlobalSection(ExtensibilityGlobals) = postSolution
		SolutionGuid = {B4406279-3942-4C1F-BB8F-3EEE03CDFB51}
	EndGlobalSection
EndGlobal
